// !$*UTF8*$!
{
	archiveVersion = 1;
	classes = {
	};
	objectVersion = 48;
	objects = {

/* Begin PBXBuildFile section */
		3852BEA81FDEC410006C51BE /* RxBlocking.framework in Frameworks */ = {isa = PBXBuildFile; fileRef = 389B93A71FD864FF00C33BBA /* RxBlocking.framework */; };
		3852BEA91FDEC422006C51BE /* RxTest.framework in Frameworks */ = {isa = PBXBuildFile; fileRef = 389B93AB1FD864FF00C33BBA /* RxTest.framework */; };
		3852BEB11FDEC8E8006C51BE /* UINavigation+bag.swift in Sources */ = {isa = PBXBuildFile; fileRef = 3852BEB01FDEC8E8006C51BE /* UINavigation+bag.swift */; };
		389B93641FD83F3500C33BBA /* AppDelegate.swift in Sources */ = {isa = PBXBuildFile; fileRef = 389B93631FD83F3500C33BBA /* AppDelegate.swift */; };
		389B93661FD83F3500C33BBA /* BaggageController.swift in Sources */ = {isa = PBXBuildFile; fileRef = 389B93651FD83F3500C33BBA /* BaggageController.swift */; };
		389B93691FD83F3500C33BBA /* Main.storyboard in Resources */ = {isa = PBXBuildFile; fileRef = 389B93671FD83F3500C33BBA /* Main.storyboard */; };
		389B936B1FD83F3500C33BBA /* Assets.xcassets in Resources */ = {isa = PBXBuildFile; fileRef = 389B936A1FD83F3500C33BBA /* Assets.xcassets */; };
		389B936E1FD83F3500C33BBA /* LaunchScreen.storyboard in Resources */ = {isa = PBXBuildFile; fileRef = 389B936C1FD83F3500C33BBA /* LaunchScreen.storyboard */; };
		389B93791FD83F3500C33BBA /* baggageTests.swift in Sources */ = {isa = PBXBuildFile; fileRef = 389B93781FD83F3500C33BBA /* baggageTests.swift */; };
		389B93841FD83F3500C33BBA /* baggageUITests.swift in Sources */ = {isa = PBXBuildFile; fileRef = 389B93831FD83F3500C33BBA /* baggageUITests.swift */; };
		389B93931FD864AB00C33BBA /* Alamofire.framework in Frameworks */ = {isa = PBXBuildFile; fileRef = 389B93921FD864AB00C33BBA /* Alamofire.framework */; };
		389B93951FD864AF00C33BBA /* AlamofireNetworkActivityIndicator.framework in Frameworks */ = {isa = PBXBuildFile; fileRef = 389B93941FD864AF00C33BBA /* AlamofireNetworkActivityIndicator.framework */; };
		389B93971FD864B400C33BBA /* DateTools.framework in Frameworks */ = {isa = PBXBuildFile; fileRef = 389B93961FD864B400C33BBA /* DateTools.framework */; };
		389B93991FD864BA00C33BBA /* EasyTipView.framework in Frameworks */ = {isa = PBXBuildFile; fileRef = 389B93981FD864BA00C33BBA /* EasyTipView.framework */; };
		389B939B1FD864BF00C33BBA /* Gloss.framework in Frameworks */ = {isa = PBXBuildFile; fileRef = 389B939A1FD864BF00C33BBA /* Gloss.framework */; };
		389B939D1FD864C400C33BBA /* HockeySDK.framework in Frameworks */ = {isa = PBXBuildFile; fileRef = 389B939C1FD864C300C33BBA /* HockeySDK.framework */; };
		389B939F1FD864C800C33BBA /* JWTDecode.framework in Frameworks */ = {isa = PBXBuildFile; fileRef = 389B939E1FD864C800C33BBA /* JWTDecode.framework */; };
		389B93A11FD864CC00C33BBA /* Kingfisher.framework in Frameworks */ = {isa = PBXBuildFile; fileRef = 389B93A01FD864CC00C33BBA /* Kingfisher.framework */; };
		389B93A31FD864D400C33BBA /* Lottie.framework in Frameworks */ = {isa = PBXBuildFile; fileRef = 389B93A21FD864D400C33BBA /* Lottie.framework */; };
		389B93B21FD864FF00C33BBA /* NSLogger.framework in Frameworks */ = {isa = PBXBuildFile; fileRef = 389B93A41FD864FE00C33BBA /* NSLogger.framework */; };
		389B93B31FD864FF00C33BBA /* RxCocoa.framework in Frameworks */ = {isa = PBXBuildFile; fileRef = 389B93A51FD864FF00C33BBA /* RxCocoa.framework */; };
		389B93B41FD864FF00C33BBA /* RxSwift.framework in Frameworks */ = {isa = PBXBuildFile; fileRef = 389B93A61FD864FF00C33BBA /* RxSwift.framework */; };
		389B93B61FD864FF00C33BBA /* Usabilla.framework in Frameworks */ = {isa = PBXBuildFile; fileRef = 389B93A81FD864FF00C33BBA /* Usabilla.framework */; };
		389B93B71FD864FF00C33BBA /* Rswift.framework in Frameworks */ = {isa = PBXBuildFile; fileRef = 389B93A91FD864FF00C33BBA /* Rswift.framework */; };
		389B93B81FD864FF00C33BBA /* Realm.framework in Frameworks */ = {isa = PBXBuildFile; fileRef = 389B93AA1FD864FF00C33BBA /* Realm.framework */; };
		389B93BA1FD864FF00C33BBA /* Neon.framework in Frameworks */ = {isa = PBXBuildFile; fileRef = 389B93AC1FD864FF00C33BBA /* Neon.framework */; };
		389B93BB1FD864FF00C33BBA /* XCGLogger.framework in Frameworks */ = {isa = PBXBuildFile; fileRef = 389B93AD1FD864FF00C33BBA /* XCGLogger.framework */; };
		389B93BC1FD864FF00C33BBA /* OAuth2.framework in Frameworks */ = {isa = PBXBuildFile; fileRef = 389B93AE1FD864FF00C33BBA /* OAuth2.framework */; };
		389B93BD1FD864FF00C33BBA /* RxRealm.framework in Frameworks */ = {isa = PBXBuildFile; fileRef = 389B93AF1FD864FF00C33BBA /* RxRealm.framework */; };
		389B93BE1FD864FF00C33BBA /* RealmSwift.framework in Frameworks */ = {isa = PBXBuildFile; fileRef = 389B93B01FD864FF00C33BBA /* RealmSwift.framework */; };
		389B93BF1FD864FF00C33BBA /* SwiftDate.framework in Frameworks */ = {isa = PBXBuildFile; fileRef = 389B93B11FD864FF00C33BBA /* SwiftDate.framework */; };
		38BA98C91FDF0706008297AA /* baggage_journey.framework in Frameworks */ = {isa = PBXBuildFile; fileRef = 38BA98C01FDF0706008297AA /* baggage_journey.framework */; };
		38BA98D01FDF0706008297AA /* baggage_journeyTests.swift in Sources */ = {isa = PBXBuildFile; fileRef = 38BA98CF1FDF0706008297AA /* baggage_journeyTests.swift */; };
		38BA98D21FDF0706008297AA /* baggage_journey.h in Headers */ = {isa = PBXBuildFile; fileRef = 38BA98C21FDF0706008297AA /* baggage_journey.h */; settings = {ATTRIBUTES = (Public, ); }; };
		38BA98D51FDF0706008297AA /* baggage_journey.framework in Frameworks */ = {isa = PBXBuildFile; fileRef = 38BA98C01FDF0706008297AA /* baggage_journey.framework */; };
		38BA98D71FDF0706008297AA /* baggage_journey.framework in Embed Frameworks */ = {isa = PBXBuildFile; fileRef = 38BA98C01FDF0706008297AA /* baggage_journey.framework */; settings = {ATTRIBUTES = (CodeSignOnCopy, RemoveHeadersOnCopy, ); }; };
		38BA98DE1FDF0715008297AA /* UINavigation+bag.swift in Sources */ = {isa = PBXBuildFile; fileRef = 3852BEB01FDEC8E8006C51BE /* UINavigation+bag.swift */; };
		38BA98DF1FDF0715008297AA /* AppDelegate.swift in Sources */ = {isa = PBXBuildFile; fileRef = 389B93631FD83F3500C33BBA /* AppDelegate.swift */; };
		38BA98E01FDF0715008297AA /* BaggageController.swift in Sources */ = {isa = PBXBuildFile; fileRef = 389B93651FD83F3500C33BBA /* BaggageController.swift */; };
/* End PBXBuildFile section */

/* Begin PBXContainerItemProxy section */
		389B93751FD83F3500C33BBA /* PBXContainerItemProxy */ = {
			isa = PBXContainerItemProxy;
			containerPortal = 389B93581FD83F3500C33BBA /* Project object */;
			proxyType = 1;
			remoteGlobalIDString = 389B935F1FD83F3500C33BBA;
			remoteInfo = baggage;
		};
		389B93801FD83F3500C33BBA /* PBXContainerItemProxy */ = {
			isa = PBXContainerItemProxy;
			containerPortal = 389B93581FD83F3500C33BBA /* Project object */;
			proxyType = 1;
			remoteGlobalIDString = 389B935F1FD83F3500C33BBA;
			remoteInfo = baggage;
		};
		38BA98CA1FDF0706008297AA /* PBXContainerItemProxy */ = {
			isa = PBXContainerItemProxy;
			containerPortal = 389B93581FD83F3500C33BBA /* Project object */;
			proxyType = 1;
			remoteGlobalIDString = 38BA98BF1FDF0706008297AA;
			remoteInfo = "baggage-journey";
		};
		38BA98CC1FDF0706008297AA /* PBXContainerItemProxy */ = {
			isa = PBXContainerItemProxy;
			containerPortal = 389B93581FD83F3500C33BBA /* Project object */;
			proxyType = 1;
			remoteGlobalIDString = 389B935F1FD83F3500C33BBA;
			remoteInfo = baggage;
		};
		38BA98D31FDF0706008297AA /* PBXContainerItemProxy */ = {
			isa = PBXContainerItemProxy;
			containerPortal = 389B93581FD83F3500C33BBA /* Project object */;
			proxyType = 1;
			remoteGlobalIDString = 38BA98BF1FDF0706008297AA;
			remoteInfo = "baggage-journey";
		};
/* End PBXContainerItemProxy section */

/* Begin PBXCopyFilesBuildPhase section */
		38BA98D61FDF0706008297AA /* Embed Frameworks */ = {
			isa = PBXCopyFilesBuildPhase;
			buildActionMask = 2147483647;
			dstPath = "";
			dstSubfolderSpec = 10;
			files = (
				38BA98D71FDF0706008297AA /* baggage_journey.framework in Embed Frameworks */,
			);
			name = "Embed Frameworks";
			runOnlyForDeploymentPostprocessing = 0;
		};
/* End PBXCopyFilesBuildPhase section */

/* Begin PBXFileReference section */
		3852BEB01FDEC8E8006C51BE /* UINavigation+bag.swift */ = {isa = PBXFileReference; lastKnownFileType = sourcecode.swift; name = "UINavigation+bag.swift"; path = "baggage/Extensions/UINavigation+bag.swift"; sourceTree = SOURCE_ROOT; };
		389B93601FD83F3500C33BBA /* baggage.app */ = {isa = PBXFileReference; explicitFileType = wrapper.application; includeInIndex = 0; path = baggage.app; sourceTree = BUILT_PRODUCTS_DIR; };
		389B93631FD83F3500C33BBA /* AppDelegate.swift */ = {isa = PBXFileReference; lastKnownFileType = sourcecode.swift; path = AppDelegate.swift; sourceTree = "<group>"; };
		389B93651FD83F3500C33BBA /* BaggageController.swift */ = {isa = PBXFileReference; lastKnownFileType = sourcecode.swift; path = BaggageController.swift; sourceTree = "<group>"; };
		389B93681FD83F3500C33BBA /* Base */ = {isa = PBXFileReference; lastKnownFileType = file.storyboard; name = Base; path = Base.lproj/Main.storyboard; sourceTree = "<group>"; };
		389B936A1FD83F3500C33BBA /* Assets.xcassets */ = {isa = PBXFileReference; lastKnownFileType = folder.assetcatalog; path = Assets.xcassets; sourceTree = "<group>"; };
		389B936D1FD83F3500C33BBA /* Base */ = {isa = PBXFileReference; lastKnownFileType = file.storyboard; name = Base; path = Base.lproj/LaunchScreen.storyboard; sourceTree = "<group>"; };
		389B936F1FD83F3500C33BBA /* Info.plist */ = {isa = PBXFileReference; lastKnownFileType = text.plist.xml; path = Info.plist; sourceTree = "<group>"; };
		389B93741FD83F3500C33BBA /* baggageTests.xctest */ = {isa = PBXFileReference; explicitFileType = wrapper.cfbundle; includeInIndex = 0; path = baggageTests.xctest; sourceTree = BUILT_PRODUCTS_DIR; };
		389B93781FD83F3500C33BBA /* baggageTests.swift */ = {isa = PBXFileReference; lastKnownFileType = sourcecode.swift; path = baggageTests.swift; sourceTree = "<group>"; };
		389B937A1FD83F3500C33BBA /* Info.plist */ = {isa = PBXFileReference; lastKnownFileType = text.plist.xml; path = Info.plist; sourceTree = "<group>"; };
		389B937F1FD83F3500C33BBA /* baggageUITests.xctest */ = {isa = PBXFileReference; explicitFileType = wrapper.cfbundle; includeInIndex = 0; path = baggageUITests.xctest; sourceTree = BUILT_PRODUCTS_DIR; };
		389B93831FD83F3500C33BBA /* baggageUITests.swift */ = {isa = PBXFileReference; lastKnownFileType = sourcecode.swift; path = baggageUITests.swift; sourceTree = "<group>"; };
		389B93851FD83F3500C33BBA /* Info.plist */ = {isa = PBXFileReference; lastKnownFileType = text.plist.xml; path = Info.plist; sourceTree = "<group>"; };
		389B93921FD864AB00C33BBA /* Alamofire.framework */ = {isa = PBXFileReference; lastKnownFileType = wrapper.framework; name = Alamofire.framework; path = Carthage/Build/iOS/Alamofire.framework; sourceTree = "<group>"; };
		389B93941FD864AF00C33BBA /* AlamofireNetworkActivityIndicator.framework */ = {isa = PBXFileReference; lastKnownFileType = wrapper.framework; name = AlamofireNetworkActivityIndicator.framework; path = Carthage/Build/iOS/AlamofireNetworkActivityIndicator.framework; sourceTree = "<group>"; };
		389B93961FD864B400C33BBA /* DateTools.framework */ = {isa = PBXFileReference; lastKnownFileType = wrapper.framework; name = DateTools.framework; path = Carthage/Build/iOS/DateTools.framework; sourceTree = "<group>"; };
		389B93981FD864BA00C33BBA /* EasyTipView.framework */ = {isa = PBXFileReference; lastKnownFileType = wrapper.framework; name = EasyTipView.framework; path = Carthage/Build/iOS/EasyTipView.framework; sourceTree = "<group>"; };
		389B939A1FD864BF00C33BBA /* Gloss.framework */ = {isa = PBXFileReference; lastKnownFileType = wrapper.framework; name = Gloss.framework; path = Carthage/Build/iOS/Gloss.framework; sourceTree = "<group>"; };
		389B939C1FD864C300C33BBA /* HockeySDK.framework */ = {isa = PBXFileReference; lastKnownFileType = wrapper.framework; name = HockeySDK.framework; path = Carthage/Build/iOS/HockeySDK.framework; sourceTree = "<group>"; };
		389B939E1FD864C800C33BBA /* JWTDecode.framework */ = {isa = PBXFileReference; lastKnownFileType = wrapper.framework; name = JWTDecode.framework; path = Carthage/Build/iOS/JWTDecode.framework; sourceTree = "<group>"; };
		389B93A01FD864CC00C33BBA /* Kingfisher.framework */ = {isa = PBXFileReference; lastKnownFileType = wrapper.framework; name = Kingfisher.framework; path = Carthage/Build/iOS/Kingfisher.framework; sourceTree = "<group>"; };
		389B93A21FD864D400C33BBA /* Lottie.framework */ = {isa = PBXFileReference; lastKnownFileType = wrapper.framework; name = Lottie.framework; path = Carthage/Build/iOS/Lottie.framework; sourceTree = "<group>"; };
		389B93A41FD864FE00C33BBA /* NSLogger.framework */ = {isa = PBXFileReference; lastKnownFileType = wrapper.framework; name = NSLogger.framework; path = Carthage/Build/iOS/NSLogger.framework; sourceTree = "<group>"; };
		389B93A51FD864FF00C33BBA /* RxCocoa.framework */ = {isa = PBXFileReference; lastKnownFileType = wrapper.framework; name = RxCocoa.framework; path = Carthage/Build/iOS/RxCocoa.framework; sourceTree = "<group>"; };
		389B93A61FD864FF00C33BBA /* RxSwift.framework */ = {isa = PBXFileReference; lastKnownFileType = wrapper.framework; name = RxSwift.framework; path = Carthage/Build/iOS/RxSwift.framework; sourceTree = "<group>"; };
		389B93A71FD864FF00C33BBA /* RxBlocking.framework */ = {isa = PBXFileReference; lastKnownFileType = wrapper.framework; name = RxBlocking.framework; path = Carthage/Build/iOS/RxBlocking.framework; sourceTree = "<group>"; };
		389B93A81FD864FF00C33BBA /* Usabilla.framework */ = {isa = PBXFileReference; lastKnownFileType = wrapper.framework; name = Usabilla.framework; path = Carthage/Build/iOS/Usabilla.framework; sourceTree = "<group>"; };
		389B93A91FD864FF00C33BBA /* Rswift.framework */ = {isa = PBXFileReference; lastKnownFileType = wrapper.framework; name = Rswift.framework; path = Carthage/Build/iOS/Rswift.framework; sourceTree = "<group>"; };
		389B93AA1FD864FF00C33BBA /* Realm.framework */ = {isa = PBXFileReference; lastKnownFileType = wrapper.framework; name = Realm.framework; path = Carthage/Build/iOS/Realm.framework; sourceTree = "<group>"; };
		389B93AB1FD864FF00C33BBA /* RxTest.framework */ = {isa = PBXFileReference; lastKnownFileType = wrapper.framework; name = RxTest.framework; path = Carthage/Build/iOS/RxTest.framework; sourceTree = "<group>"; };
		389B93AC1FD864FF00C33BBA /* Neon.framework */ = {isa = PBXFileReference; lastKnownFileType = wrapper.framework; name = Neon.framework; path = Carthage/Build/iOS/Neon.framework; sourceTree = "<group>"; };
		389B93AD1FD864FF00C33BBA /* XCGLogger.framework */ = {isa = PBXFileReference; lastKnownFileType = wrapper.framework; name = XCGLogger.framework; path = Carthage/Build/iOS/XCGLogger.framework; sourceTree = "<group>"; };
		389B93AE1FD864FF00C33BBA /* OAuth2.framework */ = {isa = PBXFileReference; lastKnownFileType = wrapper.framework; name = OAuth2.framework; path = Carthage/Build/iOS/OAuth2.framework; sourceTree = "<group>"; };
		389B93AF1FD864FF00C33BBA /* RxRealm.framework */ = {isa = PBXFileReference; lastKnownFileType = wrapper.framework; name = RxRealm.framework; path = Carthage/Build/iOS/RxRealm.framework; sourceTree = "<group>"; };
		389B93B01FD864FF00C33BBA /* RealmSwift.framework */ = {isa = PBXFileReference; lastKnownFileType = wrapper.framework; name = RealmSwift.framework; path = Carthage/Build/iOS/RealmSwift.framework; sourceTree = "<group>"; };
		389B93B11FD864FF00C33BBA /* SwiftDate.framework */ = {isa = PBXFileReference; lastKnownFileType = wrapper.framework; name = SwiftDate.framework; path = Carthage/Build/iOS/SwiftDate.framework; sourceTree = "<group>"; };
		38BA98C01FDF0706008297AA /* baggage_journey.framework */ = {isa = PBXFileReference; explicitFileType = wrapper.framework; includeInIndex = 0; path = baggage_journey.framework; sourceTree = BUILT_PRODUCTS_DIR; };
		38BA98C21FDF0706008297AA /* baggage_journey.h */ = {isa = PBXFileReference; lastKnownFileType = sourcecode.c.h; path = baggage_journey.h; sourceTree = "<group>"; };
		38BA98C31FDF0706008297AA /* Info.plist */ = {isa = PBXFileReference; lastKnownFileType = text.plist.xml; path = Info.plist; sourceTree = "<group>"; };
		38BA98C81FDF0706008297AA /* baggage-journeyTests.xctest */ = {isa = PBXFileReference; explicitFileType = wrapper.cfbundle; includeInIndex = 0; path = "baggage-journeyTests.xctest"; sourceTree = BUILT_PRODUCTS_DIR; };
		38BA98CF1FDF0706008297AA /* baggage_journeyTests.swift */ = {isa = PBXFileReference; lastKnownFileType = sourcecode.swift; path = baggage_journeyTests.swift; sourceTree = "<group>"; };
		38BA98D11FDF0706008297AA /* Info.plist */ = {isa = PBXFileReference; lastKnownFileType = text.plist.xml; path = Info.plist; sourceTree = "<group>"; };
/* End PBXFileReference section */

/* Begin PBXFrameworksBuildPhase section */
		389B935D1FD83F3500C33BBA /* Frameworks */ = {
			isa = PBXFrameworksBuildPhase;
			buildActionMask = 2147483647;
			files = (
				389B93931FD864AB00C33BBA /* Alamofire.framework in Frameworks */,
				389B93951FD864AF00C33BBA /* AlamofireNetworkActivityIndicator.framework in Frameworks */,
				389B93971FD864B400C33BBA /* DateTools.framework in Frameworks */,
				389B93991FD864BA00C33BBA /* EasyTipView.framework in Frameworks */,
				389B939B1FD864BF00C33BBA /* Gloss.framework in Frameworks */,
				389B939D1FD864C400C33BBA /* HockeySDK.framework in Frameworks */,
				389B939F1FD864C800C33BBA /* JWTDecode.framework in Frameworks */,
				389B93A11FD864CC00C33BBA /* Kingfisher.framework in Frameworks */,
				389B93A31FD864D400C33BBA /* Lottie.framework in Frameworks */,
				389B93B21FD864FF00C33BBA /* NSLogger.framework in Frameworks */,
				389B93B31FD864FF00C33BBA /* RxCocoa.framework in Frameworks */,
				389B93B41FD864FF00C33BBA /* RxSwift.framework in Frameworks */,
				389B93B61FD864FF00C33BBA /* Usabilla.framework in Frameworks */,
				389B93B71FD864FF00C33BBA /* Rswift.framework in Frameworks */,
				389B93B81FD864FF00C33BBA /* Realm.framework in Frameworks */,
				389B93BA1FD864FF00C33BBA /* Neon.framework in Frameworks */,
				38BA98D51FDF0706008297AA /* baggage_journey.framework in Frameworks */,
				389B93BB1FD864FF00C33BBA /* XCGLogger.framework in Frameworks */,
				389B93BC1FD864FF00C33BBA /* OAuth2.framework in Frameworks */,
				389B93BD1FD864FF00C33BBA /* RxRealm.framework in Frameworks */,
				389B93BE1FD864FF00C33BBA /* RealmSwift.framework in Frameworks */,
				389B93BF1FD864FF00C33BBA /* SwiftDate.framework in Frameworks */,
			);
			runOnlyForDeploymentPostprocessing = 0;
		};
		389B93711FD83F3500C33BBA /* Frameworks */ = {
			isa = PBXFrameworksBuildPhase;
			buildActionMask = 2147483647;
			files = (
				3852BEA91FDEC422006C51BE /* RxTest.framework in Frameworks */,
				3852BEA81FDEC410006C51BE /* RxBlocking.framework in Frameworks */,
			);
			runOnlyForDeploymentPostprocessing = 0;
		};
		389B937C1FD83F3500C33BBA /* Frameworks */ = {
			isa = PBXFrameworksBuildPhase;
			buildActionMask = 2147483647;
			files = (
			);
			runOnlyForDeploymentPostprocessing = 0;
		};
		38BA98BC1FDF0706008297AA /* Frameworks */ = {
			isa = PBXFrameworksBuildPhase;
			buildActionMask = 2147483647;
			files = (
			);
			runOnlyForDeploymentPostprocessing = 0;
		};
		38BA98C51FDF0706008297AA /* Frameworks */ = {
			isa = PBXFrameworksBuildPhase;
			buildActionMask = 2147483647;
			files = (
				38BA98C91FDF0706008297AA /* baggage_journey.framework in Frameworks */,
			);
			runOnlyForDeploymentPostprocessing = 0;
		};
/* End PBXFrameworksBuildPhase section */

/* Begin PBXGroup section */
		3852BEAA1FDEC7DC006C51BE /* Extensions */ = {
			isa = PBXGroup;
			children = (
				3852BEB01FDEC8E8006C51BE /* UINavigation+bag.swift */,
			);
			name = Extensions;
			path = "New Group";
			sourceTree = "<group>";
		};
		3852BEAB1FDEC7EF006C51BE /* Managers */ = {
			isa = PBXGroup;
			children = (
			);
			name = Managers;
			path = "New Group1";
			sourceTree = "<group>";
		};
		3852BEAC1FDEC80A006C51BE /* Models */ = {
			isa = PBXGroup;
			children = (
			);
			name = Models;
			path = "New Group2";
			sourceTree = "<group>";
		};
		389B93571FD83F3500C33BBA = {
			isa = PBXGroup;
			children = (
				389B93621FD83F3500C33BBA /* baggage */,
				389B93771FD83F3500C33BBA /* baggageTests */,
				389B93821FD83F3500C33BBA /* baggageUITests */,
				38BA98C11FDF0706008297AA /* baggage-journey */,
				38BA98CE1FDF0706008297AA /* baggage-journeyTests */,
				389B93611FD83F3500C33BBA /* Products */,
				389B93911FD864AB00C33BBA /* Frameworks */,
			);
			sourceTree = "<group>";
		};
		389B93611FD83F3500C33BBA /* Products */ = {
			isa = PBXGroup;
			children = (
				389B93601FD83F3500C33BBA /* baggage.app */,
				389B93741FD83F3500C33BBA /* baggageTests.xctest */,
				389B937F1FD83F3500C33BBA /* baggageUITests.xctest */,
				38BA98C01FDF0706008297AA /* baggage_journey.framework */,
				38BA98C81FDF0706008297AA /* baggage-journeyTests.xctest */,
			);
			name = Products;
			sourceTree = "<group>";
		};
		389B93621FD83F3500C33BBA /* baggage */ = {
			isa = PBXGroup;
			children = (
				3852BEAC1FDEC80A006C51BE /* Models */,
				3852BEAB1FDEC7EF006C51BE /* Managers */,
				3852BEAA1FDEC7DC006C51BE /* Extensions */,
				389B93631FD83F3500C33BBA /* AppDelegate.swift */,
				389B93651FD83F3500C33BBA /* BaggageController.swift */,
				389B93671FD83F3500C33BBA /* Main.storyboard */,
				389B936A1FD83F3500C33BBA /* Assets.xcassets */,
				389B936C1FD83F3500C33BBA /* LaunchScreen.storyboard */,
				389B936F1FD83F3500C33BBA /* Info.plist */,
			);
			path = baggage;
			sourceTree = "<group>";
		};
		389B93771FD83F3500C33BBA /* baggageTests */ = {
			isa = PBXGroup;
			children = (
				389B93781FD83F3500C33BBA /* baggageTests.swift */,
				389B937A1FD83F3500C33BBA /* Info.plist */,
			);
			path = baggageTests;
			sourceTree = "<group>";
		};
		389B93821FD83F3500C33BBA /* baggageUITests */ = {
			isa = PBXGroup;
			children = (
				389B93831FD83F3500C33BBA /* baggageUITests.swift */,
				389B93851FD83F3500C33BBA /* Info.plist */,
			);
			path = baggageUITests;
			sourceTree = "<group>";
		};
		389B93911FD864AB00C33BBA /* Frameworks */ = {
			isa = PBXGroup;
			children = (
				389B93AC1FD864FF00C33BBA /* Neon.framework */,
				389B93A41FD864FE00C33BBA /* NSLogger.framework */,
				389B93AE1FD864FF00C33BBA /* OAuth2.framework */,
				389B93AA1FD864FF00C33BBA /* Realm.framework */,
				389B93B01FD864FF00C33BBA /* RealmSwift.framework */,
				389B93A91FD864FF00C33BBA /* Rswift.framework */,
				389B93A71FD864FF00C33BBA /* RxBlocking.framework */,
				389B93A51FD864FF00C33BBA /* RxCocoa.framework */,
				389B93AF1FD864FF00C33BBA /* RxRealm.framework */,
				389B93A61FD864FF00C33BBA /* RxSwift.framework */,
				389B93AB1FD864FF00C33BBA /* RxTest.framework */,
				389B93B11FD864FF00C33BBA /* SwiftDate.framework */,
				389B93A81FD864FF00C33BBA /* Usabilla.framework */,
				389B93AD1FD864FF00C33BBA /* XCGLogger.framework */,
				389B93A21FD864D400C33BBA /* Lottie.framework */,
				389B93A01FD864CC00C33BBA /* Kingfisher.framework */,
				389B939E1FD864C800C33BBA /* JWTDecode.framework */,
				389B939C1FD864C300C33BBA /* HockeySDK.framework */,
				389B939A1FD864BF00C33BBA /* Gloss.framework */,
				389B93981FD864BA00C33BBA /* EasyTipView.framework */,
				389B93961FD864B400C33BBA /* DateTools.framework */,
				389B93941FD864AF00C33BBA /* AlamofireNetworkActivityIndicator.framework */,
				389B93921FD864AB00C33BBA /* Alamofire.framework */,
			);
			name = Frameworks;
			sourceTree = "<group>";
		};
		38BA98C11FDF0706008297AA /* baggage-journey */ = {
			isa = PBXGroup;
			children = (
				38BA98C21FDF0706008297AA /* baggage_journey.h */,
				38BA98C31FDF0706008297AA /* Info.plist */,
			);
			path = "baggage-journey";
			sourceTree = "<group>";
		};
		38BA98CE1FDF0706008297AA /* baggage-journeyTests */ = {
			isa = PBXGroup;
			children = (
				38BA98CF1FDF0706008297AA /* baggage_journeyTests.swift */,
				38BA98D11FDF0706008297AA /* Info.plist */,
			);
			path = "baggage-journeyTests";
			sourceTree = "<group>";
		};
/* End PBXGroup section */

/* Begin PBXHeadersBuildPhase section */
		38BA98BD1FDF0706008297AA /* Headers */ = {
			isa = PBXHeadersBuildPhase;
			buildActionMask = 2147483647;
			files = (
				38BA98D21FDF0706008297AA /* baggage_journey.h in Headers */,
			);
			runOnlyForDeploymentPostprocessing = 0;
		};
/* End PBXHeadersBuildPhase section */

/* Begin PBXNativeTarget section */
		389B935F1FD83F3500C33BBA /* baggage */ = {
			isa = PBXNativeTarget;
			buildConfigurationList = 389B93881FD83F3500C33BBA /* Build configuration list for PBXNativeTarget "baggage" */;
			buildPhases = (
				389B935C1FD83F3500C33BBA /* Sources */,
				389B935D1FD83F3500C33BBA /* Frameworks */,
				389B935E1FD83F3500C33BBA /* Resources */,
				389B93C01FD8657F00C33BBA /* ShellScript */,
				38BA98D61FDF0706008297AA /* Embed Frameworks */,
			);
			buildRules = (
			);
			dependencies = (
				38BA98D41FDF0706008297AA /* PBXTargetDependency */,
			);
			name = baggage;
			productName = baggage;
			productReference = 389B93601FD83F3500C33BBA /* baggage.app */;
			productType = "com.apple.product-type.application";
		};
		389B93731FD83F3500C33BBA /* baggageTests */ = {
			isa = PBXNativeTarget;
			buildConfigurationList = 389B938B1FD83F3500C33BBA /* Build configuration list for PBXNativeTarget "baggageTests" */;
			buildPhases = (
				389B93701FD83F3500C33BBA /* Sources */,
				389B93711FD83F3500C33BBA /* Frameworks */,
				389B93721FD83F3500C33BBA /* Resources */,
			);
			buildRules = (
			);
			dependencies = (
				389B93761FD83F3500C33BBA /* PBXTargetDependency */,
			);
			name = baggageTests;
			productName = baggageTests;
			productReference = 389B93741FD83F3500C33BBA /* baggageTests.xctest */;
			productType = "com.apple.product-type.bundle.unit-test";
		};
		389B937E1FD83F3500C33BBA /* baggageUITests */ = {
			isa = PBXNativeTarget;
			buildConfigurationList = 389B938E1FD83F3500C33BBA /* Build configuration list for PBXNativeTarget "baggageUITests" */;
			buildPhases = (
				389B937B1FD83F3500C33BBA /* Sources */,
				389B937C1FD83F3500C33BBA /* Frameworks */,
				389B937D1FD83F3500C33BBA /* Resources */,
			);
			buildRules = (
			);
			dependencies = (
				389B93811FD83F3500C33BBA /* PBXTargetDependency */,
			);
			name = baggageUITests;
			productName = baggageUITests;
			productReference = 389B937F1FD83F3500C33BBA /* baggageUITests.xctest */;
			productType = "com.apple.product-type.bundle.ui-testing";
		};
		38BA98BF1FDF0706008297AA /* baggage-journey */ = {
			isa = PBXNativeTarget;
			buildConfigurationList = 38BA98DC1FDF0706008297AA /* Build configuration list for PBXNativeTarget "baggage-journey" */;
			buildPhases = (
				38BA98BB1FDF0706008297AA /* Sources */,
				38BA98BC1FDF0706008297AA /* Frameworks */,
				38BA98BD1FDF0706008297AA /* Headers */,
				38BA98BE1FDF0706008297AA /* Resources */,
			);
			buildRules = (
			);
			dependencies = (
			);
			name = "baggage-journey";
			productName = "baggage-journey";
			productReference = 38BA98C01FDF0706008297AA /* baggage_journey.framework */;
			productType = "com.apple.product-type.framework";
		};
		38BA98C71FDF0706008297AA /* baggage-journeyTests */ = {
			isa = PBXNativeTarget;
			buildConfigurationList = 38BA98DD1FDF0706008297AA /* Build configuration list for PBXNativeTarget "baggage-journeyTests" */;
			buildPhases = (
				38BA98C41FDF0706008297AA /* Sources */,
				38BA98C51FDF0706008297AA /* Frameworks */,
				38BA98C61FDF0706008297AA /* Resources */,
			);
			buildRules = (
			);
			dependencies = (
				38BA98CB1FDF0706008297AA /* PBXTargetDependency */,
				38BA98CD1FDF0706008297AA /* PBXTargetDependency */,
			);
			name = "baggage-journeyTests";
			productName = "baggage-journeyTests";
			productReference = 38BA98C81FDF0706008297AA /* baggage-journeyTests.xctest */;
			productType = "com.apple.product-type.bundle.unit-test";
		};
/* End PBXNativeTarget section */

/* Begin PBXProject section */
		389B93581FD83F3500C33BBA /* Project object */ = {
			isa = PBXProject;
			attributes = {
				LastSwiftUpdateCheck = 0900;
				LastUpgradeCheck = 0900;
				ORGANIZATIONNAME = "Nicolas Palmieri";
				TargetAttributes = {
					389B935F1FD83F3500C33BBA = {
						CreatedOnToolsVersion = 9.0;
						ProvisioningStyle = Automatic;
					};
					389B93731FD83F3500C33BBA = {
						CreatedOnToolsVersion = 9.0;
						ProvisioningStyle = Automatic;
						TestTargetID = 389B935F1FD83F3500C33BBA;
					};
					389B937E1FD83F3500C33BBA = {
						CreatedOnToolsVersion = 9.0;
						ProvisioningStyle = Automatic;
						TestTargetID = 389B935F1FD83F3500C33BBA;
					};
					38BA98BF1FDF0706008297AA = {
						CreatedOnToolsVersion = 9.0;
						ProvisioningStyle = Automatic;
					};
					38BA98C71FDF0706008297AA = {
						CreatedOnToolsVersion = 9.0;
						ProvisioningStyle = Automatic;
						TestTargetID = 389B935F1FD83F3500C33BBA;
					};
				};
			};
			buildConfigurationList = 389B935B1FD83F3500C33BBA /* Build configuration list for PBXProject "baggage" */;
			compatibilityVersion = "Xcode 8.0";
			developmentRegion = en;
			hasScannedForEncodings = 0;
			knownRegions = (
				en,
				Base,
			);
			mainGroup = 389B93571FD83F3500C33BBA;
			productRefGroup = 389B93611FD83F3500C33BBA /* Products */;
			projectDirPath = "";
			projectRoot = "";
			targets = (
				389B935F1FD83F3500C33BBA /* baggage */,
				389B93731FD83F3500C33BBA /* baggageTests */,
				389B937E1FD83F3500C33BBA /* baggageUITests */,
				38BA98BF1FDF0706008297AA /* baggage-journey */,
				38BA98C71FDF0706008297AA /* baggage-journeyTests */,
			);
		};
/* End PBXProject section */

/* Begin PBXResourcesBuildPhase section */
		389B935E1FD83F3500C33BBA /* Resources */ = {
			isa = PBXResourcesBuildPhase;
			buildActionMask = 2147483647;
			files = (
				389B936E1FD83F3500C33BBA /* LaunchScreen.storyboard in Resources */,
				389B936B1FD83F3500C33BBA /* Assets.xcassets in Resources */,
				389B93691FD83F3500C33BBA /* Main.storyboard in Resources */,
			);
			runOnlyForDeploymentPostprocessing = 0;
		};
		389B93721FD83F3500C33BBA /* Resources */ = {
			isa = PBXResourcesBuildPhase;
			buildActionMask = 2147483647;
			files = (
			);
			runOnlyForDeploymentPostprocessing = 0;
		};
		389B937D1FD83F3500C33BBA /* Resources */ = {
			isa = PBXResourcesBuildPhase;
			buildActionMask = 2147483647;
			files = (
			);
			runOnlyForDeploymentPostprocessing = 0;
		};
		38BA98BE1FDF0706008297AA /* Resources */ = {
			isa = PBXResourcesBuildPhase;
			buildActionMask = 2147483647;
			files = (
			);
			runOnlyForDeploymentPostprocessing = 0;
		};
		38BA98C61FDF0706008297AA /* Resources */ = {
			isa = PBXResourcesBuildPhase;
			buildActionMask = 2147483647;
			files = (
			);
			runOnlyForDeploymentPostprocessing = 0;
		};
/* End PBXResourcesBuildPhase section */

/* Begin PBXShellScriptBuildPhase section */
		389B93C01FD8657F00C33BBA /* ShellScript */ = {
			isa = PBXShellScriptBuildPhase;
			buildActionMask = 2147483647;
			files = (
			);
			inputPaths = (
				"$(SRCROOT)/Carthage/Build/iOS/Alamofire.framework",
				"$(SRCROOT)/Carthage/Build/iOS/AlamofireNetworkActivityIndicator.framework",
				"$(SRCROOT)/Carthage/Build/iOS/DateTools.framework",
				"$(SRCROOT)/Carthage/Build/iOS/EasyTipView.framework",
				"$(SRCROOT)/Carthage/Build/iOS/Gloss.framework",
				"$(SRCROOT)/Carthage/Build/iOS/HockeySDK.framework",
				"$(SRCROOT)/Carthage/Build/iOS/JWTDecode.framework",
				"$(SRCROOT)/Carthage/Build/iOS/Kingfisher.framework",
				"$(SRCROOT)/Carthage/Build/iOS/Lottie.framework",
				"$(SRCROOT)/Carthage/Build/iOS/NSLogger.framework",
				"$(SRCROOT)/Carthage/Build/iOS/RxCocoa.framework",
				"$(SRCROOT)/Carthage/Build/iOS/RxSwift.framework",
				"$(SRCROOT)/Carthage/Build/iOS/RxBlocking.framework",
				"$(SRCROOT)/Carthage/Build/iOS/Usabilla.framework",
				"$(SRCROOT)/Carthage/Build/iOS/Rswift.framework",
				"$(SRCROOT)/Carthage/Build/iOS/Realm.framework",
				"$(SRCROOT)/Carthage/Build/iOS/RxTest.framework",
				"$(SRCROOT)/Carthage/Build/iOS/Neon.framework",
				"$(SRCROOT)/Carthage/Build/iOS/XCGLogger.framework",
				"$(SRCROOT)/Carthage/Build/iOS/OAuth2.framework",
				"$(SRCROOT)/Carthage/Build/iOS/RxRealm.framework",
				"$(SRCROOT)/Carthage/Build/iOS/RealmSwift.framework",
				"$(SRCROOT)/Carthage/Build/iOS/SwiftDate.framework",
			);
			outputPaths = (
			);
			runOnlyForDeploymentPostprocessing = 0;
			shellPath = /bin/sh;
			shellScript = "/usr/local/bin/carthage copy-frameworks";
		};
/* End PBXShellScriptBuildPhase section */

/* Begin PBXSourcesBuildPhase section */
		389B935C1FD83F3500C33BBA /* Sources */ = {
			isa = PBXSourcesBuildPhase;
			buildActionMask = 2147483647;
			files = (
				389B93661FD83F3500C33BBA /* BaggageController.swift in Sources */,
				389B93641FD83F3500C33BBA /* AppDelegate.swift in Sources */,
				3852BEB11FDEC8E8006C51BE /* UINavigation+bag.swift in Sources */,
			);
			runOnlyForDeploymentPostprocessing = 0;
		};
		389B93701FD83F3500C33BBA /* Sources */ = {
			isa = PBXSourcesBuildPhase;
			buildActionMask = 2147483647;
			files = (
				389B93791FD83F3500C33BBA /* baggageTests.swift in Sources */,
			);
			runOnlyForDeploymentPostprocessing = 0;
		};
		389B937B1FD83F3500C33BBA /* Sources */ = {
			isa = PBXSourcesBuildPhase;
			buildActionMask = 2147483647;
			files = (
				389B93841FD83F3500C33BBA /* baggageUITests.swift in Sources */,
			);
			runOnlyForDeploymentPostprocessing = 0;
		};
		38BA98BB1FDF0706008297AA /* Sources */ = {
			isa = PBXSourcesBuildPhase;
			buildActionMask = 2147483647;
			files = (
				38BA98DE1FDF0715008297AA /* UINavigation+bag.swift in Sources */,
				38BA98DF1FDF0715008297AA /* AppDelegate.swift in Sources */,
				38BA98E01FDF0715008297AA /* BaggageController.swift in Sources */,
			);
			runOnlyForDeploymentPostprocessing = 0;
		};
		38BA98C41FDF0706008297AA /* Sources */ = {
			isa = PBXSourcesBuildPhase;
			buildActionMask = 2147483647;
			files = (
				38BA98D01FDF0706008297AA /* baggage_journeyTests.swift in Sources */,
			);
			runOnlyForDeploymentPostprocessing = 0;
		};
/* End PBXSourcesBuildPhase section */

/* Begin PBXTargetDependency section */
		389B93761FD83F3500C33BBA /* PBXTargetDependency */ = {
			isa = PBXTargetDependency;
			target = 389B935F1FD83F3500C33BBA /* baggage */;
			targetProxy = 389B93751FD83F3500C33BBA /* PBXContainerItemProxy */;
		};
		389B93811FD83F3500C33BBA /* PBXTargetDependency */ = {
			isa = PBXTargetDependency;
			target = 389B935F1FD83F3500C33BBA /* baggage */;
			targetProxy = 389B93801FD83F3500C33BBA /* PBXContainerItemProxy */;
		};
		38BA98CB1FDF0706008297AA /* PBXTargetDependency */ = {
			isa = PBXTargetDependency;
			target = 38BA98BF1FDF0706008297AA /* baggage-journey */;
			targetProxy = 38BA98CA1FDF0706008297AA /* PBXContainerItemProxy */;
		};
		38BA98CD1FDF0706008297AA /* PBXTargetDependency */ = {
			isa = PBXTargetDependency;
			target = 389B935F1FD83F3500C33BBA /* baggage */;
			targetProxy = 38BA98CC1FDF0706008297AA /* PBXContainerItemProxy */;
		};
		38BA98D41FDF0706008297AA /* PBXTargetDependency */ = {
			isa = PBXTargetDependency;
			target = 38BA98BF1FDF0706008297AA /* baggage-journey */;
			targetProxy = 38BA98D31FDF0706008297AA /* PBXContainerItemProxy */;
		};
/* End PBXTargetDependency section */

/* Begin PBXVariantGroup section */
		389B93671FD83F3500C33BBA /* Main.storyboard */ = {
			isa = PBXVariantGroup;
			children = (
				389B93681FD83F3500C33BBA /* Base */,
			);
			name = Main.storyboard;
			sourceTree = "<group>";
		};
		389B936C1FD83F3500C33BBA /* LaunchScreen.storyboard */ = {
			isa = PBXVariantGroup;
			children = (
				389B936D1FD83F3500C33BBA /* Base */,
			);
			name = LaunchScreen.storyboard;
			sourceTree = "<group>";
		};
/* End PBXVariantGroup section */

/* Begin XCBuildConfiguration section */
		389B93861FD83F3500C33BBA /* Debug */ = {
			isa = XCBuildConfiguration;
			buildSettings = {
				ALWAYS_SEARCH_USER_PATHS = NO;
				CLANG_ANALYZER_NONNULL = YES;
				CLANG_ANALYZER_NUMBER_OBJECT_CONVERSION = YES_AGGRESSIVE;
				CLANG_CXX_LANGUAGE_STANDARD = "gnu++14";
				CLANG_CXX_LIBRARY = "libc++";
				CLANG_ENABLE_MODULES = YES;
				CLANG_ENABLE_OBJC_ARC = YES;
				CLANG_WARN_BLOCK_CAPTURE_AUTORELEASING = YES;
				CLANG_WARN_BOOL_CONVERSION = YES;
				CLANG_WARN_COMMA = YES;
				CLANG_WARN_CONSTANT_CONVERSION = YES;
				CLANG_WARN_DIRECT_OBJC_ISA_USAGE = YES_ERROR;
				CLANG_WARN_DOCUMENTATION_COMMENTS = YES;
				CLANG_WARN_EMPTY_BODY = YES;
				CLANG_WARN_ENUM_CONVERSION = YES;
				CLANG_WARN_INFINITE_RECURSION = YES;
				CLANG_WARN_INT_CONVERSION = YES;
				CLANG_WARN_NON_LITERAL_NULL_CONVERSION = YES;
				CLANG_WARN_OBJC_LITERAL_CONVERSION = YES;
				CLANG_WARN_OBJC_ROOT_CLASS = YES_ERROR;
				CLANG_WARN_RANGE_LOOP_ANALYSIS = YES;
				CLANG_WARN_STRICT_PROTOTYPES = YES;
				CLANG_WARN_SUSPICIOUS_MOVE = YES;
				CLANG_WARN_UNGUARDED_AVAILABILITY = YES_AGGRESSIVE;
				CLANG_WARN_UNREACHABLE_CODE = YES;
				CLANG_WARN__DUPLICATE_METHOD_MATCH = YES;
				CODE_SIGN_IDENTITY = "iPhone Developer";
				COPY_PHASE_STRIP = NO;
				DEBUG_INFORMATION_FORMAT = dwarf;
				ENABLE_STRICT_OBJC_MSGSEND = YES;
				ENABLE_TESTABILITY = YES;
				GCC_C_LANGUAGE_STANDARD = gnu11;
				GCC_DYNAMIC_NO_PIC = NO;
				GCC_NO_COMMON_BLOCKS = YES;
				GCC_OPTIMIZATION_LEVEL = 0;
				GCC_PREPROCESSOR_DEFINITIONS = (
					"DEBUG=1",
					"$(inherited)",
				);
				GCC_WARN_64_TO_32_BIT_CONVERSION = YES;
				GCC_WARN_ABOUT_RETURN_TYPE = YES_ERROR;
				GCC_WARN_UNDECLARED_SELECTOR = YES;
				GCC_WARN_UNINITIALIZED_AUTOS = YES_AGGRESSIVE;
				GCC_WARN_UNUSED_FUNCTION = YES;
				GCC_WARN_UNUSED_VARIABLE = YES;
				IPHONEOS_DEPLOYMENT_TARGET = 11.0;
				MTL_ENABLE_DEBUG_INFO = YES;
				ONLY_ACTIVE_ARCH = YES;
				SDKROOT = iphoneos;
				SWIFT_ACTIVE_COMPILATION_CONDITIONS = DEBUG;
				SWIFT_OPTIMIZATION_LEVEL = "-Onone";
			};
			name = Debug;
		};
		389B93871FD83F3500C33BBA /* Release */ = {
			isa = XCBuildConfiguration;
			buildSettings = {
				ALWAYS_SEARCH_USER_PATHS = NO;
				CLANG_ANALYZER_NONNULL = YES;
				CLANG_ANALYZER_NUMBER_OBJECT_CONVERSION = YES_AGGRESSIVE;
				CLANG_CXX_LANGUAGE_STANDARD = "gnu++14";
				CLANG_CXX_LIBRARY = "libc++";
				CLANG_ENABLE_MODULES = YES;
				CLANG_ENABLE_OBJC_ARC = YES;
				CLANG_WARN_BLOCK_CAPTURE_AUTORELEASING = YES;
				CLANG_WARN_BOOL_CONVERSION = YES;
				CLANG_WARN_COMMA = YES;
				CLANG_WARN_CONSTANT_CONVERSION = YES;
				CLANG_WARN_DIRECT_OBJC_ISA_USAGE = YES_ERROR;
				CLANG_WARN_DOCUMENTATION_COMMENTS = YES;
				CLANG_WARN_EMPTY_BODY = YES;
				CLANG_WARN_ENUM_CONVERSION = YES;
				CLANG_WARN_INFINITE_RECURSION = YES;
				CLANG_WARN_INT_CONVERSION = YES;
				CLANG_WARN_NON_LITERAL_NULL_CONVERSION = YES;
				CLANG_WARN_OBJC_LITERAL_CONVERSION = YES;
				CLANG_WARN_OBJC_ROOT_CLASS = YES_ERROR;
				CLANG_WARN_RANGE_LOOP_ANALYSIS = YES;
				CLANG_WARN_STRICT_PROTOTYPES = YES;
				CLANG_WARN_SUSPICIOUS_MOVE = YES;
				CLANG_WARN_UNGUARDED_AVAILABILITY = YES_AGGRESSIVE;
				CLANG_WARN_UNREACHABLE_CODE = YES;
				CLANG_WARN__DUPLICATE_METHOD_MATCH = YES;
				CODE_SIGN_IDENTITY = "iPhone Developer";
				COPY_PHASE_STRIP = NO;
				DEBUG_INFORMATION_FORMAT = "dwarf-with-dsym";
				ENABLE_NS_ASSERTIONS = NO;
				ENABLE_STRICT_OBJC_MSGSEND = YES;
				GCC_C_LANGUAGE_STANDARD = gnu11;
				GCC_NO_COMMON_BLOCKS = YES;
				GCC_WARN_64_TO_32_BIT_CONVERSION = YES;
				GCC_WARN_ABOUT_RETURN_TYPE = YES_ERROR;
				GCC_WARN_UNDECLARED_SELECTOR = YES;
				GCC_WARN_UNINITIALIZED_AUTOS = YES_AGGRESSIVE;
				GCC_WARN_UNUSED_FUNCTION = YES;
				GCC_WARN_UNUSED_VARIABLE = YES;
				IPHONEOS_DEPLOYMENT_TARGET = 11.0;
				MTL_ENABLE_DEBUG_INFO = NO;
				SDKROOT = iphoneos;
				SWIFT_OPTIMIZATION_LEVEL = "-Owholemodule";
				VALIDATE_PRODUCT = YES;
			};
			name = Release;
		};
		389B93891FD83F3500C33BBA /* Debug */ = {
			isa = XCBuildConfiguration;
			buildSettings = {
				ALWAYS_EMBED_SWIFT_STANDARD_LIBRARIES = YES;
				ASSETCATALOG_COMPILER_APPICON_NAME = AppIcon;
				CODE_SIGN_STYLE = Automatic;
				FRAMEWORK_SEARCH_PATHS = (
					"$(inherited)",
					"$(PROJECT_DIR)/Carthage/Build/iOS",
				);
				INFOPLIST_FILE = baggage/Info.plist;
				IPHONEOS_DEPLOYMENT_TARGET = 10.0;
				LD_RUNPATH_SEARCH_PATHS = "$(inherited) @executable_path/Frameworks";
				PRODUCT_BUNDLE_IDENTIFIER = com.latam.baggage;
				PRODUCT_NAME = "$(TARGET_NAME)";
				SWIFT_VERSION = 4.0;
				TARGETED_DEVICE_FAMILY = 1;
			};
			name = Debug;
		};
		389B938A1FD83F3500C33BBA /* Release */ = {
			isa = XCBuildConfiguration;
			buildSettings = {
				ALWAYS_EMBED_SWIFT_STANDARD_LIBRARIES = YES;
				ASSETCATALOG_COMPILER_APPICON_NAME = AppIcon;
				CODE_SIGN_STYLE = Automatic;
				FRAMEWORK_SEARCH_PATHS = (
					"$(inherited)",
					"$(PROJECT_DIR)/Carthage/Build/iOS",
				);
				INFOPLIST_FILE = baggage/Info.plist;
				IPHONEOS_DEPLOYMENT_TARGET = 10.0;
				LD_RUNPATH_SEARCH_PATHS = "$(inherited) @executable_path/Frameworks";
				PRODUCT_BUNDLE_IDENTIFIER = com.latam.baggage;
				PRODUCT_NAME = "$(TARGET_NAME)";
				SWIFT_VERSION = 4.0;
				TARGETED_DEVICE_FAMILY = 1;
			};
			name = Release;
		};
		389B938C1FD83F3500C33BBA /* Debug */ = {
			isa = XCBuildConfiguration;
			buildSettings = {
				ALWAYS_EMBED_SWIFT_STANDARD_LIBRARIES = YES;
				BUNDLE_LOADER = "$(TEST_HOST)";
				CODE_SIGN_STYLE = Automatic;
				FRAMEWORK_SEARCH_PATHS = (
					"$(inherited)",
					"$(PROJECT_DIR)/Carthage/Build/iOS",
				);
				INFOPLIST_FILE = baggageTests/Info.plist;
				LD_RUNPATH_SEARCH_PATHS = "$(inherited) @executable_path/Frameworks @loader_path/Frameworks";
				PRODUCT_BUNDLE_IDENTIFIER = com.latam.baggageTests;
				PRODUCT_NAME = "$(TARGET_NAME)";
				SWIFT_VERSION = 4.0;
				TARGETED_DEVICE_FAMILY = "1,2";
				TEST_HOST = "$(BUILT_PRODUCTS_DIR)/baggage.app/baggage";
			};
			name = Debug;
		};
		389B938D1FD83F3500C33BBA /* Release */ = {
			isa = XCBuildConfiguration;
			buildSettings = {
				ALWAYS_EMBED_SWIFT_STANDARD_LIBRARIES = YES;
				BUNDLE_LOADER = "$(TEST_HOST)";
				CODE_SIGN_STYLE = Automatic;
				FRAMEWORK_SEARCH_PATHS = (
					"$(inherited)",
					"$(PROJECT_DIR)/Carthage/Build/iOS",
				);
				INFOPLIST_FILE = baggageTests/Info.plist;
				LD_RUNPATH_SEARCH_PATHS = "$(inherited) @executable_path/Frameworks @loader_path/Frameworks";
				PRODUCT_BUNDLE_IDENTIFIER = com.latam.baggageTests;
				PRODUCT_NAME = "$(TARGET_NAME)";
				SWIFT_VERSION = 4.0;
				TARGETED_DEVICE_FAMILY = "1,2";
				TEST_HOST = "$(BUILT_PRODUCTS_DIR)/baggage.app/baggage";
			};
			name = Release;
		};
		389B938F1FD83F3500C33BBA /* Debug */ = {
			isa = XCBuildConfiguration;
			buildSettings = {
				ALWAYS_EMBED_SWIFT_STANDARD_LIBRARIES = YES;
				CODE_SIGN_STYLE = Automatic;
				INFOPLIST_FILE = baggageUITests/Info.plist;
				LD_RUNPATH_SEARCH_PATHS = "$(inherited) @executable_path/Frameworks @loader_path/Frameworks";
				PRODUCT_BUNDLE_IDENTIFIER = com.latam.baggageUITests;
				PRODUCT_NAME = "$(TARGET_NAME)";
				SWIFT_VERSION = 4.0;
				TARGETED_DEVICE_FAMILY = "1,2";
				TEST_TARGET_NAME = baggage;
			};
			name = Debug;
		};
		389B93901FD83F3500C33BBA /* Release */ = {
			isa = XCBuildConfiguration;
			buildSettings = {
				ALWAYS_EMBED_SWIFT_STANDARD_LIBRARIES = YES;
				CODE_SIGN_STYLE = Automatic;
				INFOPLIST_FILE = baggageUITests/Info.plist;
				LD_RUNPATH_SEARCH_PATHS = "$(inherited) @executable_path/Frameworks @loader_path/Frameworks";
				PRODUCT_BUNDLE_IDENTIFIER = com.latam.baggageUITests;
				PRODUCT_NAME = "$(TARGET_NAME)";
				SWIFT_VERSION = 4.0;
				TARGETED_DEVICE_FAMILY = "1,2";
				TEST_TARGET_NAME = baggage;
			};
			name = Release;
		};
		38BA98D81FDF0706008297AA /* Debug */ = {
			isa = XCBuildConfiguration;
			buildSettings = {
				CODE_SIGN_IDENTITY = "";
				CODE_SIGN_STYLE = Automatic;
				CURRENT_PROJECT_VERSION = 1;
				DEFINES_MODULE = YES;
				DYLIB_COMPATIBILITY_VERSION = 1;
				DYLIB_CURRENT_VERSION = 1;
				DYLIB_INSTALL_NAME_BASE = "@rpath";
				INFOPLIST_FILE = "baggage-journey/Info.plist";
				INSTALL_PATH = "$(LOCAL_LIBRARY_DIR)/Frameworks";
				LD_RUNPATH_SEARCH_PATHS = "$(inherited) @executable_path/Frameworks @loader_path/Frameworks";
				PRODUCT_BUNDLE_IDENTIFIER = "com.latam.baggage-journey";
				PRODUCT_NAME = "$(TARGET_NAME:c99extidentifier)";
				SKIP_INSTALL = YES;
				SWIFT_VERSION = 4.0;
				TARGETED_DEVICE_FAMILY = "1,2";
				VERSIONING_SYSTEM = "apple-generic";
				VERSION_INFO_PREFIX = "";
			};
			name = Debug;
		};
		38BA98D91FDF0706008297AA /* Release */ = {
			isa = XCBuildConfiguration;
			buildSettings = {
				CODE_SIGN_IDENTITY = "";
				CODE_SIGN_STYLE = Automatic;
				CURRENT_PROJECT_VERSION = 1;
				DEFINES_MODULE = YES;
				DYLIB_COMPATIBILITY_VERSION = 1;
				DYLIB_CURRENT_VERSION = 1;
				DYLIB_INSTALL_NAME_BASE = "@rpath";
				INFOPLIST_FILE = "baggage-journey/Info.plist";
				INSTALL_PATH = "$(LOCAL_LIBRARY_DIR)/Frameworks";
				LD_RUNPATH_SEARCH_PATHS = "$(inherited) @executable_path/Frameworks @loader_path/Frameworks";
				PRODUCT_BUNDLE_IDENTIFIER = "com.latam.baggage-journey";
				PRODUCT_NAME = "$(TARGET_NAME:c99extidentifier)";
				SKIP_INSTALL = YES;
				SWIFT_VERSION = 4.0;
				TARGETED_DEVICE_FAMILY = "1,2";
				VERSIONING_SYSTEM = "apple-generic";
				VERSION_INFO_PREFIX = "";
			};
			name = Release;
		};
		38BA98DA1FDF0706008297AA /* Debug */ = {
			isa = XCBuildConfiguration;
			buildSettings = {
				ALWAYS_EMBED_SWIFT_STANDARD_LIBRARIES = YES;
				CODE_SIGN_STYLE = Automatic;
				INFOPLIST_FILE = "baggage-journeyTests/Info.plist";
				LD_RUNPATH_SEARCH_PATHS = "$(inherited) @executable_path/Frameworks @loader_path/Frameworks";
				PRODUCT_BUNDLE_IDENTIFIER = "com.latam.baggage-journeyTests";
				PRODUCT_NAME = "$(TARGET_NAME)";
				SWIFT_VERSION = 4.0;
				TARGETED_DEVICE_FAMILY = "1,2";
				TEST_HOST = "$(BUILT_PRODUCTS_DIR)/baggage.app/baggage";
			};
			name = Debug;
		};
		38BA98DB1FDF0706008297AA /* Release */ = {
			isa = XCBuildConfiguration;
			buildSettings = {
				ALWAYS_EMBED_SWIFT_STANDARD_LIBRARIES = YES;
				CODE_SIGN_STYLE = Automatic;
				INFOPLIST_FILE = "baggage-journeyTests/Info.plist";
				LD_RUNPATH_SEARCH_PATHS = "$(inherited) @executable_path/Frameworks @loader_path/Frameworks";
				PRODUCT_BUNDLE_IDENTIFIER = "com.latam.baggage-journeyTests";
				PRODUCT_NAME = "$(TARGET_NAME)";
				SWIFT_VERSION = 4.0;
				TARGETED_DEVICE_FAMILY = "1,2";
				TEST_HOST = "$(BUILT_PRODUCTS_DIR)/baggage.app/baggage";
			};
			name = Release;
		};
/* End XCBuildConfiguration section */

/* Begin XCConfigurationList section */
		389B935B1FD83F3500C33BBA /* Build configuration list for PBXProject "baggage" */ = {
			isa = XCConfigurationList;
			buildConfigurations = (
				389B93861FD83F3500C33BBA /* Debug */,
				389B93871FD83F3500C33BBA /* Release */,
			);
			defaultConfigurationIsVisible = 0;
			defaultConfigurationName = Release;
		};
		389B93881FD83F3500C33BBA /* Build configuration list for PBXNativeTarget "baggage" */ = {
			isa = XCConfigurationList;
			buildConfigurations = (
				389B93891FD83F3500C33BBA /* Debug */,
				389B938A1FD83F3500C33BBA /* Release */,
			);
			defaultConfigurationIsVisible = 0;
			defaultConfigurationName = Release;
		};
		389B938B1FD83F3500C33BBA /* Build configuration list for PBXNativeTarget "baggageTests" */ = {
			isa = XCConfigurationList;
			buildConfigurations = (
				389B938C1FD83F3500C33BBA /* Debug */,
				389B938D1FD83F3500C33BBA /* Release */,
			);
			defaultConfigurationIsVisible = 0;
			defaultConfigurationName = Release;
		};
		389B938E1FD83F3500C33BBA /* Build configuration list for PBXNativeTarget "baggageUITests" */ = {
			isa = XCConfigurationList;
			buildConfigurations = (
				389B938F1FD83F3500C33BBA /* Debug */,
				389B93901FD83F3500C33BBA /* Release */,
			);
			defaultConfigurationIsVisible = 0;
			defaultConfigurationName = Release;
		};
		38BA98DC1FDF0706008297AA /* Build configuration list for PBXNativeTarget "baggage-journey" */ = {
			isa = XCConfigurationList;
			buildConfigurations = (
				38BA98D81FDF0706008297AA /* Debug */,
				38BA98D91FDF0706008297AA /* Release */,
			);
			defaultConfigurationIsVisible = 0;
			defaultConfigurationName = Release;
		};
		38BA98DD1FDF0706008297AA /* Build configuration list for PBXNativeTarget "baggage-journeyTests" */ = {
			isa = XCConfigurationList;
			buildConfigurations = (
				38BA98DA1FDF0706008297AA /* Debug */,
				38BA98DB1FDF0706008297AA /* Release */,
			);
			defaultConfigurationIsVisible = 0;
			defaultConfigurationName = Release;
		};
/* End XCConfigurationList section */
	};
	rootObject = 389B93581FD83F3500C33BBA /* Project object */;
}
